
Microsoft Visual Studio Solution File, Format Version 12.00
# Visual Studio Version 16
VisualStudioVersion = 16.0.29230.47
MinimumVisualStudioVersion = 10.0.40219.1
Project("{FAE04EC0-301F-11D3-BF4B-00C04F79EFBC}") = "EZMongo", "EZMongo.csproj", "{16EE6AE8-F8D7-4E33-A374-106A1CD0BA72}"
EndProject
Global
	GlobalSection(SolutionConfigurationPlatforms) = preSolution
		Debug|Any CPU = Debug|Any CPU
		Release|Any CPU = Release|Any CPU
	EndGlobalSection
	GlobalSection(ProjectConfigurationPlatforms) = postSolution
		{16EE6AE8-F8D7-4E33-A374-106A1CD0BA72}.Debug|Any CPU.ActiveCfg = Debug|Any CPU
		{16EE6AE8-F8D7-4E33-A374-106A1CD0BA72}.Debug|Any CPU.Build.0 = Debug|Any CPU
		{16EE6AE8-F8D7-4E33-A374-106A1CD0BA72}.Release|Any CPU.ActiveCfg = Release|Any CPU
		{16EE6AE8-F8D7-4E33-A374-106A1CD0BA72}.Release|Any CPU.Build.0 = Release|Any CPU
	EndGlobalSection
	GlobalSection(SolutionProperties) = preSolution
		HideSolutionNode = FALSE
	EndGlobalSection
	GlobalSection(ExtensibilityGlobals) = postSolution
		SolutionGuid = {E649A527-44C2-414A-B6AF-7F9825E1F1C4}
	EndGlobalSection
EndGlobal
